
Microsoft Visual Studio Solution File, Format Version 12.00
# Visual Studio Version 17
VisualStudioVersion = 17.8.34330.188
MinimumVisualStudioVersion = 10.0.40219.1
Project("{9A19103F-16F7-4668-BE54-9A1E7A4F7556}") = "eMart.Business", "eMart.Business\eMart.Business.csproj", "{C8A3857B-207D-4719-A8A8-D2567CA3C255}"
EndProject
Project("{9A19103F-16F7-4668-BE54-9A1E7A4F7556}") = "eMart.DataAccess", "eMart.DataAccess\eMart.DataAccess.csproj", "{FA3B807A-7D89-45BA-B96C-338E604EB037}"
EndProject
Project("{9A19103F-16F7-4668-BE54-9A1E7A4F7556}") = "eMart.Presentaion", "eMart.Presentaion\eMart.Presentaion.csproj", "{5D75D7FD-9D91-4F36-8798-715AC39B1E31}"
EndProject
Global
	GlobalSection(SolutionConfigurationPlatforms) = preSolution
		Debug|Any CPU = Debug|Any CPU
		Release|Any CPU = Release|Any CPU
	EndGlobalSection
	GlobalSection(ProjectConfigurationPlatforms) = postSolution
		{C8A3857B-207D-4719-A8A8-D2567CA3C255}.Debug|Any CPU.ActiveCfg = Debug|Any CPU
		{C8A3857B-207D-4719-A8A8-D2567CA3C255}.Debug|Any CPU.Build.0 = Debug|Any CPU
		{C8A3857B-207D-4719-A8A8-D2567CA3C255}.Release|Any CPU.ActiveCfg = Release|Any CPU
		{C8A3857B-207D-4719-A8A8-D2567CA3C255}.Release|Any CPU.Build.0 = Release|Any CPU
		{FA3B807A-7D89-45BA-B96C-338E604EB037}.Debug|Any CPU.ActiveCfg = Debug|Any CPU
		{FA3B807A-7D89-45BA-B96C-338E604EB037}.Debug|Any CPU.Build.0 = Debug|Any CPU
		{FA3B807A-7D89-45BA-B96C-338E604EB037}.Release|Any CPU.ActiveCfg = Release|Any CPU
		{FA3B807A-7D89-45BA-B96C-338E604EB037}.Release|Any CPU.Build.0 = Release|Any CPU
		{5D75D7FD-9D91-4F36-8798-715AC39B1E31}.Debug|Any CPU.ActiveCfg = Debug|Any CPU
		{5D75D7FD-9D91-4F36-8798-715AC39B1E31}.Debug|Any CPU.Build.0 = Debug|Any CPU
		{5D75D7FD-9D91-4F36-8798-715AC39B1E31}.Release|Any CPU.ActiveCfg = Release|Any CPU
		{5D75D7FD-9D91-4F36-8798-715AC39B1E31}.Release|Any CPU.Build.0 = Release|Any CPU
	EndGlobalSection
	GlobalSection(SolutionProperties) = preSolution
		HideSolutionNode = FALSE
	EndGlobalSection
	GlobalSection(ExtensibilityGlobals) = postSolution
		SolutionGuid = {27B716C7-CCD4-4E0E-B494-B896FCEA836D}
	EndGlobalSection
EndGlobal
